
Microsoft Visual Studio Solution File, Format Version 12.00
# Visual Studio Version 17
VisualStudioVersion = 17.4.33213.308
MinimumVisualStudioVersion = 10.0.40219.1
Project("{2150E333-8FDC-42A3-9474-1A3956D46DE8}") = "Backend", "Backend", "{2EDEA564-B138-4D94-8336-6C1F9DF08BBE}"
EndProject
Project("{2150E333-8FDC-42A3-9474-1A3956D46DE8}") = "APIs", "APIs", "{BA0ABB60-0807-46FB-8663-C236A227CD1B}"
EndProject
Project("{9A19103F-16F7-4668-BE54-9A1E7A4F7556}") = "Accounts", "Backend\APIs\Accounts\Accounts.csproj", "{B4FEA061-CE30-462A-9D4A-D36F23655A6C}"
EndProject
Project("{9A19103F-16F7-4668-BE54-9A1E7A4F7556}") = "Players", "Backend\APIs\Players\Players.csproj", "{1AD9EB27-9FF7-4998-BE8D-BFDF38705AE4}"
EndProject
Project("{9A19103F-16F7-4668-BE54-9A1E7A4F7556}") = "Teams", "Backend\APIs\Teams\Teams.csproj", "{3D108EA5-18A2-4BEF-9F4C-173CB5A2221A}"
EndProject
Project("{2150E333-8FDC-42A3-9474-1A3956D46DE8}") = "Services", "Services", "{45743661-B216-4C56-B684-62A642180A32}"
EndProject
Project("{9A19103F-16F7-4668-BE54-9A1E7A4F7556}") = "Logging", "Services\Logging\Logging.csproj", "{0C6741C4-7AD9-4770-B9D6-1D957AC22D4B}"
EndProject
Project("{2150E333-8FDC-42A3-9474-1A3956D46DE8}") = "Frontend", "Frontend", "{740A8E08-837F-4896-9039-A7A6077719EF}"
EndProject
Project("{FAE04EC0-301F-11D3-BF4B-00C04F79EFBC}") = "Admin", "..\StudyBudy\Frontend\Admin\Admin.csproj", "{C73B36D7-75E0-4E46-8110-B101E845147F}"
EndProject
Global
	GlobalSection(SolutionConfigurationPlatforms) = preSolution
		Debug|Any CPU = Debug|Any CPU
		Release|Any CPU = Release|Any CPU
	EndGlobalSection
	GlobalSection(ProjectConfigurationPlatforms) = postSolution
		{B4FEA061-CE30-462A-9D4A-D36F23655A6C}.Debug|Any CPU.ActiveCfg = Debug|Any CPU
		{B4FEA061-CE30-462A-9D4A-D36F23655A6C}.Debug|Any CPU.Build.0 = Debug|Any CPU
		{B4FEA061-CE30-462A-9D4A-D36F23655A6C}.Release|Any CPU.ActiveCfg = Release|Any CPU
		{B4FEA061-CE30-462A-9D4A-D36F23655A6C}.Release|Any CPU.Build.0 = Release|Any CPU
		{1AD9EB27-9FF7-4998-BE8D-BFDF38705AE4}.Debug|Any CPU.ActiveCfg = Debug|Any CPU
		{1AD9EB27-9FF7-4998-BE8D-BFDF38705AE4}.Debug|Any CPU.Build.0 = Debug|Any CPU
		{1AD9EB27-9FF7-4998-BE8D-BFDF38705AE4}.Release|Any CPU.ActiveCfg = Release|Any CPU
		{1AD9EB27-9FF7-4998-BE8D-BFDF38705AE4}.Release|Any CPU.Build.0 = Release|Any CPU
		{3D108EA5-18A2-4BEF-9F4C-173CB5A2221A}.Debug|Any CPU.ActiveCfg = Debug|Any CPU
		{3D108EA5-18A2-4BEF-9F4C-173CB5A2221A}.Debug|Any CPU.Build.0 = Debug|Any CPU
		{3D108EA5-18A2-4BEF-9F4C-173CB5A2221A}.Release|Any CPU.ActiveCfg = Release|Any CPU
		{3D108EA5-18A2-4BEF-9F4C-173CB5A2221A}.Release|Any CPU.Build.0 = Release|Any CPU
		{0C6741C4-7AD9-4770-B9D6-1D957AC22D4B}.Debug|Any CPU.ActiveCfg = Debug|Any CPU
		{0C6741C4-7AD9-4770-B9D6-1D957AC22D4B}.Debug|Any CPU.Build.0 = Debug|Any CPU
		{0C6741C4-7AD9-4770-B9D6-1D957AC22D4B}.Release|Any CPU.ActiveCfg = Release|Any CPU
		{0C6741C4-7AD9-4770-B9D6-1D957AC22D4B}.Release|Any CPU.Build.0 = Release|Any CPU
		{C73B36D7-75E0-4E46-8110-B101E845147F}.Debug|Any CPU.ActiveCfg = Debug|Any CPU
		{C73B36D7-75E0-4E46-8110-B101E845147F}.Debug|Any CPU.Build.0 = Debug|Any CPU
		{C73B36D7-75E0-4E46-8110-B101E845147F}.Release|Any CPU.ActiveCfg = Release|Any CPU
		{C73B36D7-75E0-4E46-8110-B101E845147F}.Release|Any CPU.Build.0 = Release|Any CPU
	EndGlobalSection
	GlobalSection(SolutionProperties) = preSolution
		HideSolutionNode = FALSE
	EndGlobalSection
	GlobalSection(NestedProjects) = preSolution
		{BA0ABB60-0807-46FB-8663-C236A227CD1B} = {2EDEA564-B138-4D94-8336-6C1F9DF08BBE}
		{B4FEA061-CE30-462A-9D4A-D36F23655A6C} = {BA0ABB60-0807-46FB-8663-C236A227CD1B}
		{1AD9EB27-9FF7-4998-BE8D-BFDF38705AE4} = {BA0ABB60-0807-46FB-8663-C236A227CD1B}
		{3D108EA5-18A2-4BEF-9F4C-173CB5A2221A} = {BA0ABB60-0807-46FB-8663-C236A227CD1B}
		{45743661-B216-4C56-B684-62A642180A32} = {2EDEA564-B138-4D94-8336-6C1F9DF08BBE}
		{0C6741C4-7AD9-4770-B9D6-1D957AC22D4B} = {45743661-B216-4C56-B684-62A642180A32}
		{C73B36D7-75E0-4E46-8110-B101E845147F} = {740A8E08-837F-4896-9039-A7A6077719EF}
	EndGlobalSection
	GlobalSection(ExtensibilityGlobals) = postSolution
		SolutionGuid = {6CAFEE50-6D29-47CB-A845-5D9483351A37}
	EndGlobalSection
EndGlobal
